github.com/davecgh/go-spew v0.0.0-20151105211317-5215b55f46b2 h1:5zdDAMuB3gvbHB1m2BZT9+t9w+xaBmK3ehb7skDXcwM=
github.com/davecgh/go-spew v0.0.0-20151105211317-5215b55f46b2/go.mod h1:J7Y8YcW2NihsgmVo/mv3lAwl/skON4iLHjSsI+c5H38=
github.com/golang/snappy v0.0.0-20160519033420-d6668316e435 h1:gVWc1CmaRJm9Xm+w1mENAcxf2FeQYdgyp0GGqxfecrk=
github.com/golang/snappy v0.0.0-20160519033420-d6668316e435/go.mod h1:/XxbfmMg8lxefKM7IXC3fBNl/7bRcc72aCRzEWrmP2Q=
github.com/gorilla/feeds v0.0.0-20170611032206-fa8f5548eedb h1:ry27SfzOHgpUX1TXYh1W/kOUM7J+K8MdpRygT0DtHy0=
github.com/gorilla/feeds v0.0.0-20170611032206-fa8f5548eedb/go.mod h1:Nk0jZrvPFZX1OBe5NPiddPw7CfwF6Q9eqzaBbaightA=
github.com/julienschmidt/httprouter v0.0.0-20160219154026-77366a47451a h1:VjUtSPTv4c5Q55F3neY27jjnXhTozO3ktGIEIALj/Wg=
github.com/julienschmidt/httprouter v0.0.0-20160219154026-77366a47451a/go.mod h1:SYymIcj16QtmaHHD7aYtjjsJG7VTCxuUUipMqKk8s4w=
github.com/microcosm-cc/bluemonday v0.0.0-20151102182000-4ac6f27528d0 h1:8F2IalCva9gskUNUpvRUdX00lWyuIoR48Paavtbm+xs=
github.com/microcosm-cc/bluemonday v0.0.0-20151102182000-4ac6f27528d0/go.mod h1:hsXNsILzKxV+sX77C5b8FSuKF00vh2OMYv+xgHpAMF4=
github.com/pmezard/go-difflib v1.0.0 h1:4DBwDE0NGyQoBHbLQYPwSUPoCMWR5BEzIk/f1lZbAQM=
github.com/pmezard/go-difflib v1.0.0/go.mod h1:iKH77koFhYxTK1pcRnkKkqfTogsbg7gZNVY4sRDYZ/4=
github.com/shurcooL/sanitized_anchor_name v0.0.0-20170918181015-86672fcb3f95 h1:/vdW8Cb7EXrkqWGufVMES1OH2sU9gKVb2n9/1y5NMBY=
github.com/shurcooL/sanitized_anchor_name v0.0.0-20170918181015-86672fcb3f95/go.mod h1:1NzhyTcUVG4SuEtjjoZeVRXNmyL/1OwPU0+IJeTBvfc=
github.com/stretchr/testify v0.0.0-20160524234229-8d64eb7173c7 h1:UXBqZJIbJFF9aV5elm7IlsfRpIR3OLfvL7XosvaSlaU=
github.com/stretchr/testify v0.0.0-20160524234229-8d64eb7173c7/go.mod h1:a8OnRcib4nhh0OaRAV+Yts87kKdq0PP7pXfy6kDkUVs=
github.com/syndtr/goleveldb v0.0.0-20160425020131-cfa635847112 h1:NBrpnvz0pDPf3+HXZ1C9GcJd1DTpWDLcLWZhNq6uP7o=
github.com/syndtr/goleveldb v0.0.0-20160425020131-cfa635847112/go.mod h1:Z4AUp2Km+PwemOoO/VB5AOx9XSsIItzFjoJlOSiYmn0=
github.com/ventu-io/go-shortid v0.0.0-20170305092000-935de6796a71 h1:A2guWvOfrSuNDtxVVMAPWUQBJhdmIibKcqOZhItazYY=
github.com/ventu-io/go-shortid v0.0.0-20170305092000-935de6796a71/go.mod h1:6rZqAOk/eYX5FJyjQJ6Z3RBSN389IXX2ijwW4FcggaM=
golang.org/x/crypto v0.0.0-20170317163734-459e26527287 h1:VfCA9G8KDcOIScLgccGFlcnH6ghmLvSI52fNqJJxqKk=
golang.org/x/crypto v0.0.0-20170317163734-459e26527287/go.mod h1:6SG95UA2DQfeDnfUPMdvaQW0Q7yPrPDi9nlGo2tz2b4=
golang.org/x/net v0.0.0-20170602201553-e4fa1c5465ad h1:GRbx3dF7Acgj6Xk+hq43zJC5PO5Zse97xCm083KJvew=
golang.org/x/net v0.0.0-20170602201553-e4fa1c5465ad/go.mod h1:mL1N/T3taQHkDXs73rZJwtUhF3w3ftmwwsq0BUmARs4=
golang.org/x/text v0.0.0-20170603003618-ccbd3f782212 h1:x4G0/M0Pps54UxCB4cw4RxEWKwF1DbkkF0hKoMdx1S0=
golang.org/x/text v0.0.0-20170603003618-ccbd3f782212/go.mod h1:NqM8EUOU14njkJ3fqMW+pc6Ldnwhi/IjpwHt7yyuwOQ=
gopkg.in/russross/blackfriday.v2 v2.0.0-20170905170819-187c33ff049b h1:ywUAiaLpcOm34BPsrnvRvRXsqa0rIthYVRXMS03oQkY=
gopkg.in/russross/blackfriday.v2 v2.0.0-20170905170819-187c33ff049b/go.mod h1:6sSBNz/GtOm/pJTuh5UmBK2ZHfmnxGbl2NZg1UliSOI=
